
Microsoft Visual Studio Solution File, Format Version 12.00
# Visual Studio Version 16
VisualStudioVersion = 16.0.31229.75
MinimumVisualStudioVersion = 10.0.40219.1
Project("{8BC9CEB8-8B4A-11D0-8D11-00A0C91BC942}") = "EA2_Programacao_Aplicada", "EA2_Programacao_Aplicada\EA2_Programacao_Aplicada.vcxproj", "{D083CF78-ED77-48FE-98ED-1A8496B096C6}"
EndProject
Global
	GlobalSection(SolutionConfigurationPlatforms) = preSolution
		Debug|x64 = Debug|x64
		Debug|x86 = Debug|x86
		Release|x64 = Release|x64
		Release|x86 = Release|x86
	EndGlobalSection
	GlobalSection(ProjectConfigurationPlatforms) = postSolution
		{D083CF78-ED77-48FE-98ED-1A8496B096C6}.Debug|x64.ActiveCfg = Debug|x64
		{D083CF78-ED77-48FE-98ED-1A8496B096C6}.Debug|x64.Build.0 = Debug|x64
		{D083CF78-ED77-48FE-98ED-1A8496B096C6}.Debug|x86.ActiveCfg = Debug|Win32
		{D083CF78-ED77-48FE-98ED-1A8496B096C6}.Debug|x86.Build.0 = Debug|Win32
		{D083CF78-ED77-48FE-98ED-1A8496B096C6}.Release|x64.ActiveCfg = Release|x64
		{D083CF78-ED77-48FE-98ED-1A8496B096C6}.Release|x64.Build.0 = Release|x64
		{D083CF78-ED77-48FE-98ED-1A8496B096C6}.Release|x86.ActiveCfg = Release|Win32
		{D083CF78-ED77-48FE-98ED-1A8496B096C6}.Release|x86.Build.0 = Release|Win32
	EndGlobalSection
	GlobalSection(SolutionProperties) = preSolution
		HideSolutionNode = FALSE
	EndGlobalSection
	GlobalSection(ExtensibilityGlobals) = postSolution
		SolutionGuid = {58FE2A2D-8CDB-4496-8FF4-1A787A4D359B}
	EndGlobalSection
EndGlobal
